
Microsoft Visual Studio Solution File, Format Version 12.00
# Visual Studio Version 17
VisualStudioVersion = 17.4.33213.308
MinimumVisualStudioVersion = 10.0.40219.1
Project("{9A19103F-16F7-4668-BE54-9A1E7A4F7556}") = "RomanNumbersCalculator", "RomanNumbersCalculator.csproj", "{2A1276A7-CA41-42B4-8EDF-1230A54BAB8C}"
EndProject
Project("{9A19103F-16F7-4668-BE54-9A1E7A4F7556}") = "UITestsForRomanNumbersCalculator", "..\UITestsForRomanNumbersCalculator\UITestsForRomanNumbersCalculator.csproj", "{9F7CAD77-0C2C-4D2F-AFAE-47BE4BAC3EED}"
EndProject
Global
	GlobalSection(SolutionConfigurationPlatforms) = preSolution
		Debug|Any CPU = Debug|Any CPU
		Release|Any CPU = Release|Any CPU
	EndGlobalSection
	GlobalSection(ProjectConfigurationPlatforms) = postSolution
		{2A1276A7-CA41-42B4-8EDF-1230A54BAB8C}.Debug|Any CPU.ActiveCfg = Debug|Any CPU
		{2A1276A7-CA41-42B4-8EDF-1230A54BAB8C}.Debug|Any CPU.Build.0 = Debug|Any CPU
		{2A1276A7-CA41-42B4-8EDF-1230A54BAB8C}.Release|Any CPU.ActiveCfg = Release|Any CPU
		{2A1276A7-CA41-42B4-8EDF-1230A54BAB8C}.Release|Any CPU.Build.0 = Release|Any CPU
		{9F7CAD77-0C2C-4D2F-AFAE-47BE4BAC3EED}.Debug|Any CPU.ActiveCfg = Debug|Any CPU
		{9F7CAD77-0C2C-4D2F-AFAE-47BE4BAC3EED}.Debug|Any CPU.Build.0 = Debug|Any CPU
		{9F7CAD77-0C2C-4D2F-AFAE-47BE4BAC3EED}.Release|Any CPU.ActiveCfg = Release|Any CPU
		{9F7CAD77-0C2C-4D2F-AFAE-47BE4BAC3EED}.Release|Any CPU.Build.0 = Release|Any CPU
	EndGlobalSection
	GlobalSection(SolutionProperties) = preSolution
		HideSolutionNode = FALSE
	EndGlobalSection
	GlobalSection(ExtensibilityGlobals) = postSolution
		SolutionGuid = {0DE91E98-39B3-4CCC-8444-09DEA6237D46}
	EndGlobalSection
EndGlobal
